{
  "version": 4,
  "terraform_version": "0.12.8",
  "serial": 21,
  "lineage": "b89a790f-cc7a-985c-3fe7-224c02acb5cc",
  "outputs": {
    "internal_ip_address_app": {
      "value": [
        "10.128.0.7"
      ],
      "type": [
        "tuple",
        [
          "string"
        ]
      ]
    }
  },
  "resources": [
    {
      "mode": "managed",
      "type": "yandex_compute_instance",
      "name": "docker",
      "each": "list",
      "provider": "provider.yandex",
      "instances": [
        {
          "index_key": 0,
          "schema_version": 1,
          "attributes": {
            "allow_stopping_for_update": null,
            "boot_disk": [
              {
                "auto_delete": true,
                "device_name": "fhmta7sbbm7ld210q9id",
                "disk_id": "fhmta7sbbm7ld210q9id",
                "initialize_params": [
                  {
                    "description": "",
                    "image_id": "fd87c49pj8rv80utnbd3",
                    "name": "",
                    "size": 10,
                    "snapshot_id": "",
                    "type": "network-hdd"
                  }
                ],
                "mode": "READ_WRITE"
              }
            ],
            "created_at": "2021-11-27T09:00:12Z",
            "description": "",
            "folder_id": "b1g97nk43unle0o4u325",
            "fqdn": "fhms9ajfr0dssaa6q868.auto.internal",
            "hostname": "fhms9ajfr0dssaa6q868",
            "id": "fhms9ajfr0dssaa6q868",
            "labels": {
              "tags": "docker"
            },
            "metadata": {
              "ssh-keys": "ubuntu:ssh-rsa AAAAB3NzaC1yc2EAAAADAQABAAABAQDOrk8rGYKUAm3IgBb2SQZD1V9d2RZCOKH2SlouAGfrh0dEDqH4mUBkAdweQdixkinxjSD1hNlCLsBwy2F/jNzkC7emp19bMDUpvET6ua0ZSsfL3zTbJLmAwV24aEVYayyE8TQtmnwQZn7DcfGBDIZ8yMJa8EOOfVVFrYeLwXHFpKo5ddLIVDu9aVs7KA8+f4RYh03UydgCPT0xD217pQ7XN4uJD9dtx/1zVqOKQUicNWSN/lRo1Oph7WC7x3NGsIYmSdcN6TXxv6mQlhFw1hshMhFFuhktx8CcxZy+23ZbWMs25Z1ssU4PdiaSsw54yirZoMYvlSexPL9SxyvfFWMj ubuntu\r\n"
            },
            "name": "docker-0",
            "network_acceleration_type": "standard",
            "network_interface": [
              {
                "index": 0,
                "ip_address": "10.128.0.7",
                "ipv4": true,
                "ipv6": false,
                "ipv6_address": "",
                "mac_address": "d0:0d:1c:4a:a6:fd",
                "nat": true,
                "nat_ip_address": "51.250.0.86",
                "nat_ip_version": "IPV4",
                "security_group_ids": [],
                "subnet_id": "e9b69fs7qe127788e68g"
              }
            ],
            "placement_policy": [
              {
                "placement_group_id": ""
              }
            ],
            "platform_id": "standard-v2",
            "resources": [
              {
                "core_fraction": 5,
                "cores": 2,
                "gpus": 0,
                "memory": 2
              }
            ],
            "scheduling_policy": [
              {
                "preemptible": false
              }
            ],
            "secondary_disk": [],
            "service_account_id": "",
            "status": "running",
            "timeouts": null,
            "zone": "ru-central1-a"
          },
          "private": "eyJlMmJmYjczMC1lY2FhLTExZTYtOGY4OC0zNDM2M2JjN2M0YzAiOnsiY3JlYXRlIjozMDAwMDAwMDAwMDAsImRlbGV0ZSI6MzAwMDAwMDAwMDAwLCJ1cGRhdGUiOjMwMDAwMDAwMDAwMH0sInNjaGVtYV92ZXJzaW9uIjoiMSJ9"
        }
      ]
    }
  ]
}
